[metadata]
lock_version = 3
declaration_hash_version = 1
declaration_hash = "sha256:20028092c96c5a1971caa36cb1722935b9a1b6df277a959640634b1b76aaf42f"
generated_by = "ocx 0.5.8"
generated_at = "2026-08-14T10:38:50Z"

[[tool]]
name = "cli"
group = "default"
repository = "ocx.sh/ocx/cli"

[tool.platforms]
"darwin/amd64" = "sha256:1a87e3610681861ce025eef8c82e1c0a81ea36addb691419b036d93c42274751"
"darwin/arm64" = "sha256:b8a7cd8f5226e23fc959a7d203cec4d58a490575217d0b62d47a89705d811998"
"linux/amd64" = "sha256:9b94b0ab07e109f489c567ac17875c475dea2828ce583c36767baa834b8aad25"
"linux/arm64" = "sha256:e136c88239615d6191931eaa31d736d5e4715d74f26034c98cd60e50552dd7c6"
"windows/amd64" = "sha256:7c39a775873fff72e0937e98654bdc914a9fa39802188fb9e987e328a5370e93"
"windows/arm64" = "sha256:657bae2e75130194d33eefc2578905879e722d24426f5bea947e1db753010976"

[[tool]]
name = "mirror"
group = "default"
repository = "ocx.sh/ocx/mirror"

[tool.platforms]
"darwin/amd64" = "sha256:d5c6456449241278d49a2393e7b563a2c90bab3b7c83dc0f2676520c28d2782f"
"darwin/arm64" = "sha256:9b55ebda84aadc4966df7bf0c002ce3d58111f28dafbea5160ed1b5358ddedfe"
"linux/amd64" = "sha256:9890ff98a9910f4f3374f3e543fa1d7e18e9803e30251d46535f2bced4ef7a22"
"linux/arm64" = "sha256:d01fc82416a4b4f78885bbd681bbfa9ccf86b88a87d585026ff0161262e9c7ab"
"windows/amd64" = "sha256:214a9467ac289670edb0f1de3c3f8f7abe6d3ba7cbdc4ef44a99522809b2c2b7"
"windows/arm64" = "sha256:6ddbe3532b12fbcccff04d0f7e14660e8c14ad12fb70f94e0b3cd75a9af1df69"
